
Microsoft Visual Studio Solution File, Format Version 12.00
# Visual Studio 14
VisualStudioVersion = 14.0.23107.0
MinimumVisualStudioVersion = 10.0.40219.1
Project("{FAE04EC0-301F-11D3-BF4B-00C04F79EFBC}") = "Main", "Source\Main\Main.csproj", "{AD7A2D4A-AB3F-4092-B7FC-3B3E9B686646}"
EndProject
Project("{FAE04EC0-301F-11D3-BF4B-00C04F79EFBC}") = "MonoGameControl", "Source\MonoGameControl\MonoGameControl.csproj", "{3C5FAFF4-BFC0-48F2-907A-88095272F764}"
EndProject
Project("{FAE04EC0-301F-11D3-BF4B-00C04F79EFBC}") = "Commons", "Source\Commons\Commons.csproj", "{18079BA2-F5C7-48E2-B56C-624E225D1B37}"
EndProject
Project("{FAE04EC0-301F-11D3-BF4B-00C04F79EFBC}") = "Algorithm", "Source\Algorithm\Algorithm.csproj", "{2F22392D-FE48-4407-8C62-0D8FB182CF52}"
EndProject
Project("{FAE04EC0-301F-11D3-BF4B-00C04F79EFBC}") = "CommonsTests", "Source\CommonsTests\CommonsTests.csproj", "{4AAE10BE-3E18-4F7F-A008-FDE99B98A09B}"
EndProject
Project("{FAE04EC0-301F-11D3-BF4B-00C04F79EFBC}") = "AlgorithmTests", "AlgorithmTests\AlgorithmTests.csproj", "{A91992F6-6B0B-4D6F-AA7E-65846A11323F}"
EndProject
Global
	GlobalSection(SolutionConfigurationPlatforms) = preSolution
		Debug|Any CPU = Debug|Any CPU
		Release|Any CPU = Release|Any CPU
	EndGlobalSection
	GlobalSection(ProjectConfigurationPlatforms) = postSolution
		{AD7A2D4A-AB3F-4092-B7FC-3B3E9B686646}.Debug|Any CPU.ActiveCfg = Debug|Any CPU
		{AD7A2D4A-AB3F-4092-B7FC-3B3E9B686646}.Debug|Any CPU.Build.0 = Debug|Any CPU
		{AD7A2D4A-AB3F-4092-B7FC-3B3E9B686646}.Release|Any CPU.ActiveCfg = Release|Any CPU
		{AD7A2D4A-AB3F-4092-B7FC-3B3E9B686646}.Release|Any CPU.Build.0 = Release|Any CPU
		{3C5FAFF4-BFC0-48F2-907A-88095272F764}.Debug|Any CPU.ActiveCfg = Debug|Any CPU
		{3C5FAFF4-BFC0-48F2-907A-88095272F764}.Debug|Any CPU.Build.0 = Debug|Any CPU
		{3C5FAFF4-BFC0-48F2-907A-88095272F764}.Release|Any CPU.ActiveCfg = Release|Any CPU
		{3C5FAFF4-BFC0-48F2-907A-88095272F764}.Release|Any CPU.Build.0 = Release|Any CPU
		{18079BA2-F5C7-48E2-B56C-624E225D1B37}.Debug|Any CPU.ActiveCfg = Debug|Any CPU
		{18079BA2-F5C7-48E2-B56C-624E225D1B37}.Debug|Any CPU.Build.0 = Debug|Any CPU
		{18079BA2-F5C7-48E2-B56C-624E225D1B37}.Release|Any CPU.ActiveCfg = Release|Any CPU
		{18079BA2-F5C7-48E2-B56C-624E225D1B37}.Release|Any CPU.Build.0 = Release|Any CPU
		{2F22392D-FE48-4407-8C62-0D8FB182CF52}.Debug|Any CPU.ActiveCfg = Debug|Any CPU
		{2F22392D-FE48-4407-8C62-0D8FB182CF52}.Debug|Any CPU.Build.0 = Debug|Any CPU
		{2F22392D-FE48-4407-8C62-0D8FB182CF52}.Release|Any CPU.ActiveCfg = Release|Any CPU
		{2F22392D-FE48-4407-8C62-0D8FB182CF52}.Release|Any CPU.Build.0 = Release|Any CPU
		{4AAE10BE-3E18-4F7F-A008-FDE99B98A09B}.Debug|Any CPU.ActiveCfg = Debug|Any CPU
		{4AAE10BE-3E18-4F7F-A008-FDE99B98A09B}.Debug|Any CPU.Build.0 = Debug|Any CPU
		{4AAE10BE-3E18-4F7F-A008-FDE99B98A09B}.Release|Any CPU.ActiveCfg = Release|Any CPU
		{4AAE10BE-3E18-4F7F-A008-FDE99B98A09B}.Release|Any CPU.Build.0 = Release|Any CPU
		{A91992F6-6B0B-4D6F-AA7E-65846A11323F}.Debug|Any CPU.ActiveCfg = Debug|Any CPU
		{A91992F6-6B0B-4D6F-AA7E-65846A11323F}.Debug|Any CPU.Build.0 = Debug|Any CPU
		{A91992F6-6B0B-4D6F-AA7E-65846A11323F}.Release|Any CPU.ActiveCfg = Release|Any CPU
		{A91992F6-6B0B-4D6F-AA7E-65846A11323F}.Release|Any CPU.Build.0 = Release|Any CPU
	EndGlobalSection
	GlobalSection(SolutionProperties) = preSolution
		HideSolutionNode = FALSE
	EndGlobalSection
EndGlobal
